// !$*UTF8*$!
{
	archiveVersion = 1;
	classes = {
	};
	objectVersion = 46;
	objects = {

/* Begin PBXBuildFile section */
		7760F87F1C484CC900AC355A /* CoreStackTemplate.swift in Sources */ = {isa = PBXBuildFile; fileRef = 7760F87E1C484CC900AC355A /* CoreStackTemplate.swift */; };
		7760F8801C484CC900AC355A /* CoreStackTemplate.swift in Sources */ = {isa = PBXBuildFile; fileRef = 7760F87E1C484CC900AC355A /* CoreStackTemplate.swift */; };
		7760F8811C484CC900AC355A /* CoreStackTemplate.swift in Sources */ = {isa = PBXBuildFile; fileRef = 7760F87E1C484CC900AC355A /* CoreStackTemplate.swift */; };
		7760F8831C4854BD00AC355A /* StackTemplate.swift in Sources */ = {isa = PBXBuildFile; fileRef = 7760F8821C4854BD00AC355A /* StackTemplate.swift */; };
		7760F8841C4854BD00AC355A /* StackTemplate.swift in Sources */ = {isa = PBXBuildFile; fileRef = 7760F8821C4854BD00AC355A /* StackTemplate.swift */; };
		7760F8851C4854BD00AC355A /* StackTemplate.swift in Sources */ = {isa = PBXBuildFile; fileRef = 7760F8821C4854BD00AC355A /* StackTemplate.swift */; };
		7760F8881C4855CC00AC355A /* SavableStack.swift in Sources */ = {isa = PBXBuildFile; fileRef = 7760F8871C4855CC00AC355A /* SavableStack.swift */; };
		7760F8891C4855CC00AC355A /* SavableStack.swift in Sources */ = {isa = PBXBuildFile; fileRef = 7760F8871C4855CC00AC355A /* SavableStack.swift */; };
		7760F88A1C4855CC00AC355A /* SavableStack.swift in Sources */ = {isa = PBXBuildFile; fileRef = 7760F8871C4855CC00AC355A /* SavableStack.swift */; };
		7760F88F1C485E5A00AC355A /* RokuCore.swift in Sources */ = {isa = PBXBuildFile; fileRef = 7760F88E1C485E5A00AC355A /* RokuCore.swift */; };
		7760F8901C485E5A00AC355A /* RokuCore.swift in Sources */ = {isa = PBXBuildFile; fileRef = 7760F88E1C485E5A00AC355A /* RokuCore.swift */; };
		7760F8911C485E5A00AC355A /* RokuCore.swift in Sources */ = {isa = PBXBuildFile; fileRef = 7760F88E1C485E5A00AC355A /* RokuCore.swift */; };
		7760F8931C49DC9B00AC355A /* StorageBased.swift in Sources */ = {isa = PBXBuildFile; fileRef = 7760F8921C49DC9B00AC355A /* StorageBased.swift */; };
		7760F8941C49DC9B00AC355A /* StorageBased.swift in Sources */ = {isa = PBXBuildFile; fileRef = 7760F8921C49DC9B00AC355A /* StorageBased.swift */; };
		7760F8951C49DC9B00AC355A /* StorageBased.swift in Sources */ = {isa = PBXBuildFile; fileRef = 7760F8921C49DC9B00AC355A /* StorageBased.swift */; };
		77C2C5331C25B7A800448829 /* BaseStack.swift in Sources */ = {isa = PBXBuildFile; fileRef = 77C2C5201C25B7A800448829 /* BaseStack.swift */; };
		77C2C5341C25B7A800448829 /* BaseStack.swift in Sources */ = {isa = PBXBuildFile; fileRef = 77C2C5201C25B7A800448829 /* BaseStack.swift */; };
		77C2C5351C25B7A800448829 /* BaseStack.swift in Sources */ = {isa = PBXBuildFile; fileRef = 77C2C5201C25B7A800448829 /* BaseStack.swift */; };
		77C2C5361C25B7A800448829 /* BaseStackTemplate.swift in Sources */ = {isa = PBXBuildFile; fileRef = 77C2C5211C25B7A800448829 /* BaseStackTemplate.swift */; };
		77C2C5371C25B7A800448829 /* BaseStackTemplate.swift in Sources */ = {isa = PBXBuildFile; fileRef = 77C2C5211C25B7A800448829 /* BaseStackTemplate.swift */; };
		77C2C5381C25B7A800448829 /* BaseStackTemplate.swift in Sources */ = {isa = PBXBuildFile; fileRef = 77C2C5211C25B7A800448829 /* BaseStackTemplate.swift */; };
		77C2C5391C25B7A800448829 /* ContextFactoryStack.swift in Sources */ = {isa = PBXBuildFile; fileRef = 77C2C5221C25B7A800448829 /* ContextFactoryStack.swift */; };
		77C2C53A1C25B7A800448829 /* ContextFactoryStack.swift in Sources */ = {isa = PBXBuildFile; fileRef = 77C2C5221C25B7A800448829 /* ContextFactoryStack.swift */; };
		77C2C53B1C25B7A800448829 /* ContextFactoryStack.swift in Sources */ = {isa = PBXBuildFile; fileRef = 77C2C5221C25B7A800448829 /* ContextFactoryStack.swift */; };
		77C2C53C1C25B7A800448829 /* ContextObserver.swift in Sources */ = {isa = PBXBuildFile; fileRef = 77C2C5231C25B7A800448829 /* ContextObserver.swift */; };
		77C2C53D1C25B7A800448829 /* ContextObserver.swift in Sources */ = {isa = PBXBuildFile; fileRef = 77C2C5231C25B7A800448829 /* ContextObserver.swift */; };
		77C2C53E1C25B7A800448829 /* ContextObserver.swift in Sources */ = {isa = PBXBuildFile; fileRef = 77C2C5231C25B7A800448829 /* ContextObserver.swift */; };
		77C2C53F1C25B7A800448829 /* IndependentStack.swift in Sources */ = {isa = PBXBuildFile; fileRef = 77C2C5241C25B7A800448829 /* IndependentStack.swift */; };
		77C2C5401C25B7A800448829 /* IndependentStack.swift in Sources */ = {isa = PBXBuildFile; fileRef = 77C2C5241C25B7A800448829 /* IndependentStack.swift */; };
		77C2C5411C25B7A800448829 /* IndependentStack.swift in Sources */ = {isa = PBXBuildFile; fileRef = 77C2C5241C25B7A800448829 /* IndependentStack.swift */; };
		77C2C5421C25B7A800448829 /* IndependentStackTemplate.swift in Sources */ = {isa = PBXBuildFile; fileRef = 77C2C5251C25B7A800448829 /* IndependentStackTemplate.swift */; };
		77C2C5431C25B7A800448829 /* IndependentStackTemplate.swift in Sources */ = {isa = PBXBuildFile; fileRef = 77C2C5251C25B7A800448829 /* IndependentStackTemplate.swift */; };
		77C2C5441C25B7A800448829 /* IndependentStackTemplate.swift in Sources */ = {isa = PBXBuildFile; fileRef = 77C2C5251C25B7A800448829 /* IndependentStackTemplate.swift */; };
		77C2C5451C25B7A800448829 /* MainQueueContextStack.swift in Sources */ = {isa = PBXBuildFile; fileRef = 77C2C5261C25B7A800448829 /* MainQueueContextStack.swift */; };
		77C2C5461C25B7A800448829 /* MainQueueContextStack.swift in Sources */ = {isa = PBXBuildFile; fileRef = 77C2C5261C25B7A800448829 /* MainQueueContextStack.swift */; };
		77C2C5471C25B7A800448829 /* MainQueueContextStack.swift in Sources */ = {isa = PBXBuildFile; fileRef = 77C2C5261C25B7A800448829 /* MainQueueContextStack.swift */; };
		77C2C5481C25B7A800448829 /* ManagedObjectContext.swift in Sources */ = {isa = PBXBuildFile; fileRef = 77C2C5271C25B7A800448829 /* ManagedObjectContext.swift */; };
		77C2C5491C25B7A800448829 /* ManagedObjectContext.swift in Sources */ = {isa = PBXBuildFile; fileRef = 77C2C5271C25B7A800448829 /* ManagedObjectContext.swift */; };
		77C2C54A1C25B7A800448829 /* ManagedObjectContext.swift in Sources */ = {isa = PBXBuildFile; fileRef = 77C2C5271C25B7A800448829 /* ManagedObjectContext.swift */; };
		77C2C54B1C25B7A800448829 /* NestedStack.swift in Sources */ = {isa = PBXBuildFile; fileRef = 77C2C5281C25B7A800448829 /* NestedStack.swift */; };
		77C2C54C1C25B7A800448829 /* NestedStack.swift in Sources */ = {isa = PBXBuildFile; fileRef = 77C2C5281C25B7A800448829 /* NestedStack.swift */; };
		77C2C54D1C25B7A800448829 /* NestedStack.swift in Sources */ = {isa = PBXBuildFile; fileRef = 77C2C5281C25B7A800448829 /* NestedStack.swift */; };
		77C2C54E1C25B7A800448829 /* NestedStackTemplate.swift in Sources */ = {isa = PBXBuildFile; fileRef = 77C2C5291C25B7A800448829 /* NestedStackTemplate.swift */; };
		77C2C54F1C25B7A800448829 /* NestedStackTemplate.swift in Sources */ = {isa = PBXBuildFile; fileRef = 77C2C5291C25B7A800448829 /* NestedStackTemplate.swift */; };
		77C2C5501C25B7A800448829 /* NestedStackTemplate.swift in Sources */ = {isa = PBXBuildFile; fileRef = 77C2C5291C25B7A800448829 /* NestedStackTemplate.swift */; };
		77C2C5511C25B7A800448829 /* NullObject.swift in Sources */ = {isa = PBXBuildFile; fileRef = 77C2C52A1C25B7A800448829 /* NullObject.swift */; };
		77C2C5521C25B7A800448829 /* NullObject.swift in Sources */ = {isa = PBXBuildFile; fileRef = 77C2C52A1C25B7A800448829 /* NullObject.swift */; };
		77C2C5531C25B7A800448829 /* NullObject.swift in Sources */ = {isa = PBXBuildFile; fileRef = 77C2C52A1C25B7A800448829 /* NullObject.swift */; };
		77C2C5541C25B7A800448829 /* ObservableContext.swift in Sources */ = {isa = PBXBuildFile; fileRef = 77C2C52B1C25B7A800448829 /* ObservableContext.swift */; };
		77C2C5551C25B7A800448829 /* ObservableContext.swift in Sources */ = {isa = PBXBuildFile; fileRef = 77C2C52B1C25B7A800448829 /* ObservableContext.swift */; };
		77C2C5561C25B7A800448829 /* ObservableContext.swift in Sources */ = {isa = PBXBuildFile; fileRef = 77C2C52B1C25B7A800448829 /* ObservableContext.swift */; };
		77C2C5571C25B7A800448829 /* OperationQueueFactory.swift in Sources */ = {isa = PBXBuildFile; fileRef = 77C2C52C1C25B7A800448829 /* OperationQueueFactory.swift */; };
		77C2C5581C25B7A800448829 /* OperationQueueFactory.swift in Sources */ = {isa = PBXBuildFile; fileRef = 77C2C52C1C25B7A800448829 /* OperationQueueFactory.swift */; };
		77C2C5591C25B7A800448829 /* OperationQueueFactory.swift in Sources */ = {isa = PBXBuildFile; fileRef = 77C2C52C1C25B7A800448829 /* OperationQueueFactory.swift */; };
		77C2C55A1C25B7A800448829 /* Provider.swift in Sources */ = {isa = PBXBuildFile; fileRef = 77C2C52D1C25B7A800448829 /* Provider.swift */; };
		77C2C55B1C25B7A800448829 /* Provider.swift in Sources */ = {isa = PBXBuildFile; fileRef = 77C2C52D1C25B7A800448829 /* Provider.swift */; };
		77C2C55C1C25B7A800448829 /* Provider.swift in Sources */ = {isa = PBXBuildFile; fileRef = 77C2C52D1C25B7A800448829 /* Provider.swift */; };
		77C2C55D1C25B7A800448829 /* Queue.swift in Sources */ = {isa = PBXBuildFile; fileRef = 77C2C52E1C25B7A800448829 /* Queue.swift */; };
		77C2C55E1C25B7A800448829 /* Queue.swift in Sources */ = {isa = PBXBuildFile; fileRef = 77C2C52E1C25B7A800448829 /* Queue.swift */; };
		77C2C55F1C25B7A800448829 /* Queue.swift in Sources */ = {isa = PBXBuildFile; fileRef = 77C2C52E1C25B7A800448829 /* Queue.swift */; };
		77C2C5601C25B7A800448829 /* Roku.swift in Sources */ = {isa = PBXBuildFile; fileRef = 77C2C52F1C25B7A800448829 /* Roku.swift */; };
		77C2C5611C25B7A800448829 /* Roku.swift in Sources */ = {isa = PBXBuildFile; fileRef = 77C2C52F1C25B7A800448829 /* Roku.swift */; };
		77C2C5621C25B7A800448829 /* Roku.swift in Sources */ = {isa = PBXBuildFile; fileRef = 77C2C52F1C25B7A800448829 /* Roku.swift */; };
		77C2C5631C25B7A800448829 /* StorageModel.swift in Sources */ = {isa = PBXBuildFile; fileRef = 77C2C5301C25B7A800448829 /* StorageModel.swift */; };
		77C2C5641C25B7A800448829 /* StorageModel.swift in Sources */ = {isa = PBXBuildFile; fileRef = 77C2C5301C25B7A800448829 /* StorageModel.swift */; };
		77C2C5651C25B7A800448829 /* StorageModel.swift in Sources */ = {isa = PBXBuildFile; fileRef = 77C2C5301C25B7A800448829 /* StorageModel.swift */; };
		77C2C5661C25B7A800448829 /* StorageModelBased.swift in Sources */ = {isa = PBXBuildFile; fileRef = 77C2C5311C25B7A800448829 /* StorageModelBased.swift */; };
		77C2C5671C25B7A800448829 /* StorageModelBased.swift in Sources */ = {isa = PBXBuildFile; fileRef = 77C2C5311C25B7A800448829 /* StorageModelBased.swift */; };
		77C2C5681C25B7A800448829 /* StorageModelBased.swift in Sources */ = {isa = PBXBuildFile; fileRef = 77C2C5311C25B7A800448829 /* StorageModelBased.swift */; };
		77C2C5691C25B7A800448829 /* StorageModelConvertible.swift in Sources */ = {isa = PBXBuildFile; fileRef = 77C2C5321C25B7A800448829 /* StorageModelConvertible.swift */; };
		77C2C56A1C25B7A800448829 /* StorageModelConvertible.swift in Sources */ = {isa = PBXBuildFile; fileRef = 77C2C5321C25B7A800448829 /* StorageModelConvertible.swift */; };
		77C2C56B1C25B7A800448829 /* StorageModelConvertible.swift in Sources */ = {isa = PBXBuildFile; fileRef = 77C2C5321C25B7A800448829 /* StorageModelConvertible.swift */; };
/* End PBXBuildFile section */

/* Begin PBXFileReference section */
		7760F87E1C484CC900AC355A /* CoreStackTemplate.swift */ = {isa = PBXFileReference; fileEncoding = 4; lastKnownFileType = sourcecode.swift; path = CoreStackTemplate.swift; sourceTree = "<group>"; };
		7760F8821C4854BD00AC355A /* StackTemplate.swift */ = {isa = PBXFileReference; fileEncoding = 4; lastKnownFileType = sourcecode.swift; path = StackTemplate.swift; sourceTree = "<group>"; };
		7760F8871C4855CC00AC355A /* SavableStack.swift */ = {isa = PBXFileReference; fileEncoding = 4; lastKnownFileType = sourcecode.swift; path = SavableStack.swift; sourceTree = "<group>"; };
		7760F88E1C485E5A00AC355A /* RokuCore.swift */ = {isa = PBXFileReference; fileEncoding = 4; lastKnownFileType = sourcecode.swift; path = RokuCore.swift; sourceTree = "<group>"; };
		7760F8921C49DC9B00AC355A /* StorageBased.swift */ = {isa = PBXFileReference; fileEncoding = 4; lastKnownFileType = sourcecode.swift; path = StorageBased.swift; sourceTree = "<group>"; };
		77C2C4A61C25B68C00448829 /* Roku.framework */ = {isa = PBXFileReference; explicitFileType = wrapper.framework; includeInIndex = 0; path = Roku.framework; sourceTree = BUILT_PRODUCTS_DIR; };
		77C2C4AA1C25B68C00448829 /* Info.plist */ = {isa = PBXFileReference; lastKnownFileType = text.plist; path = Info.plist; sourceTree = "<group>"; };
		77C2C4B51C25B70900448829 /* Roku.framework */ = {isa = PBXFileReference; explicitFileType = wrapper.framework; includeInIndex = 0; path = Roku.framework; sourceTree = BUILT_PRODUCTS_DIR; };
		77C2C4C51C25B77400448829 /* Roku.framework */ = {isa = PBXFileReference; explicitFileType = wrapper.framework; includeInIndex = 0; path = Roku.framework; sourceTree = BUILT_PRODUCTS_DIR; };
		77C2C5201C25B7A800448829 /* BaseStack.swift */ = {isa = PBXFileReference; fileEncoding = 4; lastKnownFileType = sourcecode.swift; path = BaseStack.swift; sourceTree = "<group>"; };
		77C2C5211C25B7A800448829 /* BaseStackTemplate.swift */ = {isa = PBXFileReference; fileEncoding = 4; lastKnownFileType = sourcecode.swift; path = BaseStackTemplate.swift; sourceTree = "<group>"; };
		77C2C5221C25B7A800448829 /* ContextFactoryStack.swift */ = {isa = PBXFileReference; fileEncoding = 4; lastKnownFileType = sourcecode.swift; path = ContextFactoryStack.swift; sourceTree = "<group>"; };
		77C2C5231C25B7A800448829 /* ContextObserver.swift */ = {isa = PBXFileReference; fileEncoding = 4; lastKnownFileType = sourcecode.swift; path = ContextObserver.swift; sourceTree = "<group>"; };
		77C2C5241C25B7A800448829 /* IndependentStack.swift */ = {isa = PBXFileReference; fileEncoding = 4; lastKnownFileType = sourcecode.swift; path = IndependentStack.swift; sourceTree = "<group>"; };
		77C2C5251C25B7A800448829 /* IndependentStackTemplate.swift */ = {isa = PBXFileReference; fileEncoding = 4; lastKnownFileType = sourcecode.swift; path = IndependentStackTemplate.swift; sourceTree = "<group>"; };
		77C2C5261C25B7A800448829 /* MainQueueContextStack.swift */ = {isa = PBXFileReference; fileEncoding = 4; lastKnownFileType = sourcecode.swift; path = MainQueueContextStack.swift; sourceTree = "<group>"; };
		77C2C5271C25B7A800448829 /* ManagedObjectContext.swift */ = {isa = PBXFileReference; fileEncoding = 4; lastKnownFileType = sourcecode.swift; path = ManagedObjectContext.swift; sourceTree = "<group>"; };
		77C2C5281C25B7A800448829 /* NestedStack.swift */ = {isa = PBXFileReference; fileEncoding = 4; lastKnownFileType = sourcecode.swift; path = NestedStack.swift; sourceTree = "<group>"; };
		77C2C5291C25B7A800448829 /* NestedStackTemplate.swift */ = {isa = PBXFileReference; fileEncoding = 4; lastKnownFileType = sourcecode.swift; path = NestedStackTemplate.swift; sourceTree = "<group>"; };
		77C2C52A1C25B7A800448829 /* NullObject.swift */ = {isa = PBXFileReference; fileEncoding = 4; lastKnownFileType = sourcecode.swift; path = NullObject.swift; sourceTree = "<group>"; };
		77C2C52B1C25B7A800448829 /* ObservableContext.swift */ = {isa = PBXFileReference; fileEncoding = 4; lastKnownFileType = sourcecode.swift; path = ObservableContext.swift; sourceTree = "<group>"; };
		77C2C52C1C25B7A800448829 /* OperationQueueFactory.swift */ = {isa = PBXFileReference; fileEncoding = 4; lastKnownFileType = sourcecode.swift; path = OperationQueueFactory.swift; sourceTree = "<group>"; };
		77C2C52D1C25B7A800448829 /* Provider.swift */ = {isa = PBXFileReference; fileEncoding = 4; lastKnownFileType = sourcecode.swift; path = Provider.swift; sourceTree = "<group>"; };
		77C2C52E1C25B7A800448829 /* Queue.swift */ = {isa = PBXFileReference; fileEncoding = 4; lastKnownFileType = sourcecode.swift; path = Queue.swift; sourceTree = "<group>"; };
		77C2C52F1C25B7A800448829 /* Roku.swift */ = {isa = PBXFileReference; fileEncoding = 4; lastKnownFileType = sourcecode.swift; path = Roku.swift; sourceTree = "<group>"; };
		77C2C5301C25B7A800448829 /* StorageModel.swift */ = {isa = PBXFileReference; fileEncoding = 4; lastKnownFileType = sourcecode.swift; path = StorageModel.swift; sourceTree = "<group>"; };
		77C2C5311C25B7A800448829 /* StorageModelBased.swift */ = {isa = PBXFileReference; fileEncoding = 4; lastKnownFileType = sourcecode.swift; path = StorageModelBased.swift; sourceTree = "<group>"; };
		77C2C5321C25B7A800448829 /* StorageModelConvertible.swift */ = {isa = PBXFileReference; fileEncoding = 4; lastKnownFileType = sourcecode.swift; path = StorageModelConvertible.swift; sourceTree = "<group>"; };
		77C2C5791C25D56900448829 /* Package.swift */ = {isa = PBXFileReference; lastKnownFileType = sourcecode.swift; path = Package.swift; sourceTree = "<group>"; };
		77C2C57B1C25EA9100448829 /* Roku.modulemap */ = {isa = PBXFileReference; lastKnownFileType = "sourcecode.module-map"; name = Roku.modulemap; path = Sources/Roku.modulemap; sourceTree = SOURCE_ROOT; };
/* End PBXFileReference section */

/* Begin PBXFrameworksBuildPhase section */
		77C2C4A21C25B68C00448829 /* Frameworks */ = {
			isa = PBXFrameworksBuildPhase;
			buildActionMask = 2147483647;
			files = (
			);
			runOnlyForDeploymentPostprocessing = 0;
		};
		77C2C4B11C25B70900448829 /* Frameworks */ = {
			isa = PBXFrameworksBuildPhase;
			buildActionMask = 2147483647;
			files = (
			);
			runOnlyForDeploymentPostprocessing = 0;
		};
		77C2C4C11C25B77400448829 /* Frameworks */ = {
			isa = PBXFrameworksBuildPhase;
			buildActionMask = 2147483647;
			files = (
			);
			runOnlyForDeploymentPostprocessing = 0;
		};
/* End PBXFrameworksBuildPhase section */

/* Begin PBXGroup section */
		7760F8861C4854EA00AC355A /* Core Stack */ = {
			isa = PBXGroup;
			children = (
				7760F87E1C484CC900AC355A /* CoreStackTemplate.swift */,
				7760F8821C4854BD00AC355A /* StackTemplate.swift */,
			);
			name = "Core Stack";
			sourceTree = "<group>";
		};
		7760F88B1C485A1100AC355A /* SavableStack */ = {
			isa = PBXGroup;
			children = (
				7760F8871C4855CC00AC355A /* SavableStack.swift */,
			);
			name = SavableStack;
			sourceTree = "<group>";
		};
		7760F88C1C485A2D00AC355A /* Stacks */ = {
			isa = PBXGroup;
			children = (
				7760F8861C4854EA00AC355A /* Core Stack */,
				7760F88D1C485A8A00AC355A /* MainQueueContextStack */,
				77C2C5731C25CFD800448829 /* ContextFactoryStack */,
				7760F88B1C485A1100AC355A /* SavableStack */,
				77C2C5721C25CFCC00448829 /* Base Stack */,
				77C2C5711C25CFC100448829 /* Independent Stack */,
				77C2C5701C25CFB600448829 /* Nested Stack */,
			);
			name = Stacks;
			sourceTree = "<group>";
		};
		7760F88D1C485A8A00AC355A /* MainQueueContextStack */ = {
			isa = PBXGroup;
			children = (
				77C2C5261C25B7A800448829 /* MainQueueContextStack.swift */,
			);
			name = MainQueueContextStack;
			sourceTree = "<group>";
		};
		7760F8961C49DCAB00AC355A /* Protocols */ = {
			isa = PBXGroup;
			children = (
				77C2C5311C25B7A800448829 /* StorageModelBased.swift */,
				7760F8921C49DC9B00AC355A /* StorageBased.swift */,
				77C2C5321C25B7A800448829 /* StorageModelConvertible.swift */,
			);
			name = Protocols;
			sourceTree = "<group>";
		};
		779D8D0A1C4710F100FB7E5E /* Providing */ = {
			isa = PBXGroup;
			children = (
				77C2C52D1C25B7A800448829 /* Provider.swift */,
				77C2C52E1C25B7A800448829 /* Queue.swift */,
			);
			name = Providing;
			sourceTree = "<group>";
		};
		77C2C48C1C25B5E400448829 = {
			isa = PBXGroup;
			children = (
				77C2C5791C25D56900448829 /* Package.swift */,
				77C2C51F1C25B7A800448829 /* Roku */,
				77C2C4AE1C25B69A00448829 /* Supporting Files */,
				77C2C4991C25B64800448829 /* Products */,
			);
			sourceTree = "<group>";
		};
		77C2C4991C25B64800448829 /* Products */ = {
			isa = PBXGroup;
			children = (
				77C2C4A61C25B68C00448829 /* Roku.framework */,
				77C2C4B51C25B70900448829 /* Roku.framework */,
				77C2C4C51C25B77400448829 /* Roku.framework */,
			);
			name = Products;
			sourceTree = "<group>";
		};
		77C2C4AE1C25B69A00448829 /* Supporting Files */ = {
			isa = PBXGroup;
			children = (
				77C2C57B1C25EA9100448829 /* Roku.modulemap */,
				77C2C4AA1C25B68C00448829 /* Info.plist */,
			);
			name = "Supporting Files";
			path = "Roku-OSX";
			sourceTree = "<group>";
		};
		77C2C51F1C25B7A800448829 /* Roku */ = {
			isa = PBXGroup;
			children = (
				77C2C52F1C25B7A800448829 /* Roku.swift */,
				7760F88E1C485E5A00AC355A /* RokuCore.swift */,
				7760F88C1C485A2D00AC355A /* Stacks */,
				779D8D0A1C4710F100FB7E5E /* Providing */,
				77C2C5761C25D00100448829 /* Observing */,
				77C2C5751C25CFF800448829 /* Storage Model */,
				77C2C5781C25D03A00448829 /* Patterns */,
				77C2C5741C25CFEA00448829 /* Internals */,
			);
			name = Roku;
			path = Sources;
			sourceTree = "<group>";
		};
		77C2C5701C25CFB600448829 /* Nested Stack */ = {
			isa = PBXGroup;
			children = (
				77C2C5281C25B7A800448829 /* NestedStack.swift */,
				77C2C5291C25B7A800448829 /* NestedStackTemplate.swift */,
			);
			name = "Nested Stack";
			sourceTree = "<group>";
		};
		77C2C5711C25CFC100448829 /* Independent Stack */ = {
			isa = PBXGroup;
			children = (
				77C2C5241C25B7A800448829 /* IndependentStack.swift */,
				77C2C5251C25B7A800448829 /* IndependentStackTemplate.swift */,
			);
			name = "Independent Stack";
			sourceTree = "<group>";
		};
		77C2C5721C25CFCC00448829 /* Base Stack */ = {
			isa = PBXGroup;
			children = (
				77C2C5201C25B7A800448829 /* BaseStack.swift */,
				77C2C5211C25B7A800448829 /* BaseStackTemplate.swift */,
			);
			name = "Base Stack";
			sourceTree = "<group>";
		};
		77C2C5731C25CFD800448829 /* ContextFactoryStack */ = {
			isa = PBXGroup;
			children = (
				77C2C5221C25B7A800448829 /* ContextFactoryStack.swift */,
			);
			name = ContextFactoryStack;
			sourceTree = "<group>";
		};
		77C2C5741C25CFEA00448829 /* Internals */ = {
			isa = PBXGroup;
			children = (
				77C2C52C1C25B7A800448829 /* OperationQueueFactory.swift */,
			);
			name = Internals;
			sourceTree = "<group>";
		};
		77C2C5751C25CFF800448829 /* Storage Model */ = {
			isa = PBXGroup;
			children = (
				77C2C5301C25B7A800448829 /* StorageModel.swift */,
				7760F8961C49DCAB00AC355A /* Protocols */,
			);
			name = "Storage Model";
			sourceTree = "<group>";
		};
		77C2C5761C25D00100448829 /* Observing */ = {
			isa = PBXGroup;
			children = (
				77C2C5271C25B7A800448829 /* ManagedObjectContext.swift */,
				77C2C5231C25B7A800448829 /* ContextObserver.swift */,
				77C2C52B1C25B7A800448829 /* ObservableContext.swift */,
			);
			name = Observing;
			sourceTree = "<group>";
		};
		77C2C5781C25D03A00448829 /* Patterns */ = {
			isa = PBXGroup;
			children = (
				77C2C52A1C25B7A800448829 /* NullObject.swift */,
			);
			name = Patterns;
			sourceTree = "<group>";
		};
/* End PBXGroup section */

/* Begin PBXHeadersBuildPhase section */
		77C2C4A31C25B68C00448829 /* Headers */ = {
			isa = PBXHeadersBuildPhase;
			buildActionMask = 2147483647;
			files = (
			);
			runOnlyForDeploymentPostprocessing = 0;
		};
		77C2C4B21C25B70900448829 /* Headers */ = {
			isa = PBXHeadersBuildPhase;
			buildActionMask = 2147483647;
			files = (
			);
			runOnlyForDeploymentPostprocessing = 0;
		};
		77C2C4C21C25B77400448829 /* Headers */ = {
			isa = PBXHeadersBuildPhase;
			buildActionMask = 2147483647;
			files = (
			);
			runOnlyForDeploymentPostprocessing = 0;
		};
/* End PBXHeadersBuildPhase section */

/* Begin PBXNativeTarget section */
		77C2C4A51C25B68C00448829 /* Roku-OSX */ = {
			isa = PBXNativeTarget;
			buildConfigurationList = 77C2C4AB1C25B68C00448829 /* Build configuration list for PBXNativeTarget "Roku-OSX" */;
			buildPhases = (
				77C2C4A11C25B68C00448829 /* Sources */,
				77C2C4A21C25B68C00448829 /* Frameworks */,
				77C2C4A31C25B68C00448829 /* Headers */,
				77C2C4A41C25B68C00448829 /* Resources */,
				77C2C56D1C25BDB500448829 /* ShellScript */,
			);
			buildRules = (
			);
			dependencies = (
			);
			name = "Roku-OSX";
			productName = "Roku-OSX";
			productReference = 77C2C4A61C25B68C00448829 /* Roku.framework */;
			productType = "com.apple.product-type.framework";
		};
		77C2C4B41C25B70900448829 /* Roku-iOS */ = {
			isa = PBXNativeTarget;
			buildConfigurationList = 77C2C4BA1C25B70900448829 /* Build configuration list for PBXNativeTarget "Roku-iOS" */;
			buildPhases = (
				77C2C4B01C25B70900448829 /* Sources */,
				77C2C4B11C25B70900448829 /* Frameworks */,
				77C2C4B21C25B70900448829 /* Headers */,
				77C2C4B31C25B70900448829 /* Resources */,
				77C2C56E1C25BEE200448829 /* ShellScript */,
			);
			buildRules = (
			);
			dependencies = (
			);
			name = "Roku-iOS";
			productName = "Roku-iOS";
			productReference = 77C2C4B51C25B70900448829 /* Roku.framework */;
			productType = "com.apple.product-type.framework";
		};
		77C2C4C41C25B77400448829 /* Roku-tvOS */ = {
			isa = PBXNativeTarget;
			buildConfigurationList = 77C2C4CA1C25B77400448829 /* Build configuration list for PBXNativeTarget "Roku-tvOS" */;
			buildPhases = (
				77C2C4C01C25B77400448829 /* Sources */,
				77C2C4C11C25B77400448829 /* Frameworks */,
				77C2C4C21C25B77400448829 /* Headers */,
				77C2C4C31C25B77400448829 /* Resources */,
				77C2C56F1C25BEF000448829 /* ShellScript */,
			);
			buildRules = (
			);
			dependencies = (
			);
			name = "Roku-tvOS";
			productName = "Roku-tvOS";
			productReference = 77C2C4C51C25B77400448829 /* Roku.framework */;
			productType = "com.apple.product-type.framework";
		};
/* End PBXNativeTarget section */

/* Begin PBXProject section */
		77C2C48D1C25B5E400448829 /* Project object */ = {
			isa = PBXProject;
			attributes = {
				LastUpgradeCheck = 0720;
				TargetAttributes = {
					77C2C4A51C25B68C00448829 = {
						CreatedOnToolsVersion = 7.1;
						DevelopmentTeam = TM728NTFLY;
					};
					77C2C4B41C25B70900448829 = {
						CreatedOnToolsVersion = 7.1;
					};
					77C2C4C41C25B77400448829 = {
						CreatedOnToolsVersion = 7.1;
					};
				};
			};
			buildConfigurationList = 77C2C4901C25B5E400448829 /* Build configuration list for PBXProject "Roku" */;
			compatibilityVersion = "Xcode 3.2";
			developmentRegion = English;
			hasScannedForEncodings = 0;
			knownRegions = (
				en,
			);
			mainGroup = 77C2C48C1C25B5E400448829;
			productRefGroup = 77C2C4991C25B64800448829 /* Products */;
			projectDirPath = "";
			projectRoot = "";
			targets = (
				77C2C4A51C25B68C00448829 /* Roku-OSX */,
				77C2C4B41C25B70900448829 /* Roku-iOS */,
				77C2C4C41C25B77400448829 /* Roku-tvOS */,
			);
		};
/* End PBXProject section */

/* Begin PBXResourcesBuildPhase section */
		77C2C4A41C25B68C00448829 /* Resources */ = {
			isa = PBXResourcesBuildPhase;
			buildActionMask = 2147483647;
			files = (
			);
			runOnlyForDeploymentPostprocessing = 0;
		};
		77C2C4B31C25B70900448829 /* Resources */ = {
			isa = PBXResourcesBuildPhase;
			buildActionMask = 2147483647;
			files = (
			);
			runOnlyForDeploymentPostprocessing = 0;
		};
		77C2C4C31C25B77400448829 /* Resources */ = {
			isa = PBXResourcesBuildPhase;
			buildActionMask = 2147483647;
			files = (
			);
			runOnlyForDeploymentPostprocessing = 0;
		};
/* End PBXResourcesBuildPhase section */

/* Begin PBXShellScriptBuildPhase section */
		77C2C56D1C25BDB500448829 /* ShellScript */ = {
			isa = PBXShellScriptBuildPhase;
			buildActionMask = 2147483647;
			files = (
			);
			inputPaths = (
			);
			outputPaths = (
			);
			runOnlyForDeploymentPostprocessing = 0;
			shellPath = /bin/sh;
			shellScript = "if which swiftlint >/dev/null; then\n    swiftlint\nelse\n    echo \"SwiftLint does not exist, download from https://github.com/realm/SwiftLint\"\nfi";
		};
		77C2C56E1C25BEE200448829 /* ShellScript */ = {
			isa = PBXShellScriptBuildPhase;
			buildActionMask = 2147483647;
			files = (
			);
			inputPaths = (
			);
			outputPaths = (
			);
			runOnlyForDeploymentPostprocessing = 0;
			shellPath = /bin/sh;
			shellScript = "if which swiftlint >/dev/null; then\n    swiftlint\nelse\n    echo \"SwiftLint does not exist, download from https://github.com/realm/SwiftLint\"\nfi";
		};
		77C2C56F1C25BEF000448829 /* ShellScript */ = {
			isa = PBXShellScriptBuildPhase;
			buildActionMask = 2147483647;
			files = (
			);
			inputPaths = (
			);
			outputPaths = (
			);
			runOnlyForDeploymentPostprocessing = 0;
			shellPath = /bin/sh;
			shellScript = "if which swiftlint >/dev/null; then\n    swiftlint\nelse\n    echo \"SwiftLint does not exist, download from https://github.com/realm/SwiftLint\"\nfi";
		};
/* End PBXShellScriptBuildPhase section */

/* Begin PBXSourcesBuildPhase section */
		77C2C4A11C25B68C00448829 /* Sources */ = {
			isa = PBXSourcesBuildPhase;
			buildActionMask = 2147483647;
			files = (
				7760F87F1C484CC900AC355A /* CoreStackTemplate.swift in Sources */,
				77C2C5541C25B7A800448829 /* ObservableContext.swift in Sources */,
				77C2C5391C25B7A800448829 /* ContextFactoryStack.swift in Sources */,
				77C2C55A1C25B7A800448829 /* Provider.swift in Sources */,
				77C2C5631C25B7A800448829 /* StorageModel.swift in Sources */,
				7760F8881C4855CC00AC355A /* SavableStack.swift in Sources */,
				77C2C53C1C25B7A800448829 /* ContextObserver.swift in Sources */,
				77C2C5331C25B7A800448829 /* BaseStack.swift in Sources */,
				77C2C5571C25B7A800448829 /* OperationQueueFactory.swift in Sources */,
				77C2C5601C25B7A800448829 /* Roku.swift in Sources */,
				77C2C54B1C25B7A800448829 /* NestedStack.swift in Sources */,
				77C2C5421C25B7A800448829 /* IndependentStackTemplate.swift in Sources */,
				77C2C53F1C25B7A800448829 /* IndependentStack.swift in Sources */,
				77C2C5451C25B7A800448829 /* MainQueueContextStack.swift in Sources */,
				7760F8831C4854BD00AC355A /* StackTemplate.swift in Sources */,
				77C2C55D1C25B7A800448829 /* Queue.swift in Sources */,
				77C2C5661C25B7A800448829 /* StorageModelBased.swift in Sources */,
				7760F8931C49DC9B00AC355A /* StorageBased.swift in Sources */,
				77C2C5511C25B7A800448829 /* NullObject.swift in Sources */,
				77C2C5691C25B7A800448829 /* StorageModelConvertible.swift in Sources */,
				77C2C54E1C25B7A800448829 /* NestedStackTemplate.swift in Sources */,
				77C2C5481C25B7A800448829 /* ManagedObjectContext.swift in Sources */,
				7760F88F1C485E5A00AC355A /* RokuCore.swift in Sources */,
				77C2C5361C25B7A800448829 /* BaseStackTemplate.swift in Sources */,
			);
			runOnlyForDeploymentPostprocessing = 0;
		};
		77C2C4B01C25B70900448829 /* Sources */ = {
			isa = PBXSourcesBuildPhase;
			buildActionMask = 2147483647;
			files = (
				7760F8801C484CC900AC355A /* CoreStackTemplate.swift in Sources */,
				77C2C5551C25B7A800448829 /* ObservableContext.swift in Sources */,
				77C2C53A1C25B7A800448829 /* ContextFactoryStack.swift in Sources */,
				77C2C55B1C25B7A800448829 /* Provider.swift in Sources */,
				77C2C5641C25B7A800448829 /* StorageModel.swift in Sources */,
				7760F8891C4855CC00AC355A /* SavableStack.swift in Sources */,
				77C2C53D1C25B7A800448829 /* ContextObserver.swift in Sources */,
				77C2C5341C25B7A800448829 /* BaseStack.swift in Sources */,
				77C2C5581C25B7A800448829 /* OperationQueueFactory.swift in Sources */,
				77C2C5611C25B7A800448829 /* Roku.swift in Sources */,
				77C2C54C1C25B7A800448829 /* NestedStack.swift in Sources */,
				77C2C5431C25B7A800448829 /* IndependentStackTemplate.swift in Sources */,
				77C2C5401C25B7A800448829 /* IndependentStack.swift in Sources */,
				77C2C5461C25B7A800448829 /* MainQueueContextStack.swift in Sources */,
				7760F8841C4854BD00AC355A /* StackTemplate.swift in Sources */,
				77C2C55E1C25B7A800448829 /* Queue.swift in Sources */,
				77C2C5671C25B7A800448829 /* StorageModelBased.swift in Sources */,
				7760F8941C49DC9B00AC355A /* StorageBased.swift in Sources */,
				77C2C5521C25B7A800448829 /* NullObject.swift in Sources */,
				77C2C56A1C25B7A800448829 /* StorageModelConvertible.swift in Sources */,
				77C2C54F1C25B7A800448829 /* NestedStackTemplate.swift in Sources */,
				77C2C5491C25B7A800448829 /* ManagedObjectContext.swift in Sources */,
				7760F8901C485E5A00AC355A /* RokuCore.swift in Sources */,
				77C2C5371C25B7A800448829 /* BaseStackTemplate.swift in Sources */,
			);
			runOnlyForDeploymentPostprocessing = 0;
		};
		77C2C4C01C25B77400448829 /* Sources */ = {
			isa = PBXSourcesBuildPhase;
			buildActionMask = 2147483647;
			files = (
				7760F8811C484CC900AC355A /* CoreStackTemplate.swift in Sources */,
				77C2C5561C25B7A800448829 /* ObservableContext.swift in Sources */,
				77C2C53B1C25B7A800448829 /* ContextFactoryStack.swift in Sources */,
				77C2C55C1C25B7A800448829 /* Provider.swift in Sources */,
				77C2C5651C25B7A800448829 /* StorageModel.swift in Sources */,
				7760F88A1C4855CC00AC355A /* SavableStack.swift in Sources */,
				77C2C53E1C25B7A800448829 /* ContextObserver.swift in Sources */,
				77C2C5351C25B7A800448829 /* BaseStack.swift in Sources */,
				77C2C5591C25B7A800448829 /* OperationQueueFactory.swift in Sources */,
				77C2C5621C25B7A800448829 /* Roku.swift in Sources */,
				77C2C54D1C25B7A800448829 /* NestedStack.swift in Sources */,
				77C2C5441C25B7A800448829 /* IndependentStackTemplate.swift in Sources */,
				77C2C5411C25B7A800448829 /* IndependentStack.swift in Sources */,
				77C2C5471C25B7A800448829 /* MainQueueContextStack.swift in Sources */,
				7760F8851C4854BD00AC355A /* StackTemplate.swift in Sources */,
				77C2C55F1C25B7A800448829 /* Queue.swift in Sources */,
				77C2C5681C25B7A800448829 /* StorageModelBased.swift in Sources */,
				7760F8951C49DC9B00AC355A /* StorageBased.swift in Sources */,
				77C2C5531C25B7A800448829 /* NullObject.swift in Sources */,
				77C2C56B1C25B7A800448829 /* StorageModelConvertible.swift in Sources */,
				77C2C5501C25B7A800448829 /* NestedStackTemplate.swift in Sources */,
				77C2C54A1C25B7A800448829 /* ManagedObjectContext.swift in Sources */,
				7760F8911C485E5A00AC355A /* RokuCore.swift in Sources */,
				77C2C5381C25B7A800448829 /* BaseStackTemplate.swift in Sources */,
			);
			runOnlyForDeploymentPostprocessing = 0;
		};
/* End PBXSourcesBuildPhase section */

/* Begin XCBuildConfiguration section */
		77C2C4911C25B5E400448829 /* Debug */ = {
			isa = XCBuildConfiguration;
			buildSettings = {
				ENABLE_TESTABILITY = YES;
				IPHONEOS_DEPLOYMENT_TARGET = 7.0;
				MACOSX_DEPLOYMENT_TARGET = 10.9;
				MODULEMAP_FILE = "$(SRCROOT)/Sources/Roku.modulemap";
				ONLY_ACTIVE_ARCH = YES;
				OTHER_SWIFT_FLAGS = "";
				PRODUCT_BUNDLE_IDENTIFIER = "com.b1narykid.$(PRODUCT_NAME)";
				PRODUCT_MODULE_NAME = Roku;
				PRODUCT_NAME = "$(PRODUCT_MODULE_NAME)";
				SWIFT_INSTALL_OBJC_HEADER = NO;
				TARGETED_DEVICE_FAMILY = "1,2";
				TVOS_DEPLOYMENT_TARGET = 9.0;
			};
			name = Debug;
		};
		77C2C4921C25B5E400448829 /* Release */ = {
			isa = XCBuildConfiguration;
			buildSettings = {
				IPHONEOS_DEPLOYMENT_TARGET = 7.0;
				MACOSX_DEPLOYMENT_TARGET = 10.9;
				MODULEMAP_FILE = "$(SRCROOT)/Sources/Roku.modulemap";
				OTHER_SWIFT_FLAGS = "";
				PRODUCT_BUNDLE_IDENTIFIER = "com.b1narykid.$(PRODUCT_NAME)";
				PRODUCT_MODULE_NAME = Roku;
				PRODUCT_NAME = "$(PRODUCT_MODULE_NAME)";
				SWIFT_INSTALL_OBJC_HEADER = NO;
				TARGETED_DEVICE_FAMILY = "1,2";
				TVOS_DEPLOYMENT_TARGET = 9.0;
			};
			name = Release;
		};
		77C2C4AC1C25B68C00448829 /* Debug */ = {
			isa = XCBuildConfiguration;
			buildSettings = {
				ALWAYS_SEARCH_USER_PATHS = NO;
				CLANG_CXX_LANGUAGE_STANDARD = "gnu++0x";
				CLANG_CXX_LIBRARY = "libc++";
				CLANG_ENABLE_MODULES = YES;
				CLANG_ENABLE_OBJC_ARC = YES;
				CLANG_WARN_BOOL_CONVERSION = YES;
				CLANG_WARN_CONSTANT_CONVERSION = YES;
				CLANG_WARN_DIRECT_OBJC_ISA_USAGE = YES_ERROR;
				CLANG_WARN_EMPTY_BODY = YES;
				CLANG_WARN_ENUM_CONVERSION = YES;
				CLANG_WARN_INT_CONVERSION = YES;
				CLANG_WARN_OBJC_ROOT_CLASS = YES_ERROR;
				CLANG_WARN_UNREACHABLE_CODE = YES;
				CLANG_WARN__DUPLICATE_METHOD_MATCH = YES;
				COMBINE_HIDPI_IMAGES = YES;
				COPY_PHASE_STRIP = NO;
				CURRENT_PROJECT_VERSION = 1;
				DEBUG_INFORMATION_FORMAT = dwarf;
				DEFINES_MODULE = YES;
				DYLIB_COMPATIBILITY_VERSION = 1;
				DYLIB_CURRENT_VERSION = 1;
				DYLIB_INSTALL_NAME_BASE = "@rpath";
				ENABLE_STRICT_OBJC_MSGSEND = YES;
				ENABLE_TESTABILITY = YES;
				FRAMEWORK_VERSION = A;
				GCC_C_LANGUAGE_STANDARD = gnu99;
				GCC_DYNAMIC_NO_PIC = NO;
				GCC_NO_COMMON_BLOCKS = YES;
				GCC_OPTIMIZATION_LEVEL = 0;
				GCC_PREPROCESSOR_DEFINITIONS = (
					"DEBUG=1",
					"$(inherited)",
				);
				GCC_WARN_64_TO_32_BIT_CONVERSION = YES;
				GCC_WARN_ABOUT_RETURN_TYPE = YES_ERROR;
				GCC_WARN_UNDECLARED_SELECTOR = YES;
				GCC_WARN_UNINITIALIZED_AUTOS = YES_AGGRESSIVE;
				GCC_WARN_UNUSED_FUNCTION = YES;
				GCC_WARN_UNUSED_VARIABLE = YES;
				INFOPLIST_FILE = "$(SRCROOT)/Info.plist";
				INSTALL_PATH = "$(LOCAL_LIBRARY_DIR)/Frameworks";
				LD_RUNPATH_SEARCH_PATHS = "$(inherited) @executable_path/../Frameworks @loader_path/Frameworks";
				MACOSX_DEPLOYMENT_TARGET = 10.9;
				MODULEMAP_FILE = "$(inherited)";
				MTL_ENABLE_DEBUG_INFO = YES;
				ONLY_ACTIVE_ARCH = YES;
				OTHER_SWIFT_FLAGS = "$(inherited)";
				PRODUCT_BUNDLE_IDENTIFIER = "$(inherited)";
				PRODUCT_MODULE_NAME = "$(inherited)";
				PRODUCT_NAME = "$(inherited)";
				SDKROOT = macosx;
				SKIP_INSTALL = YES;
				SWIFT_OBJC_INTERFACE_HEADER_NAME = "$(inherited)";
				SWIFT_OPTIMIZATION_LEVEL = "-Onone";
				VERSIONING_SYSTEM = "apple-generic";
				VERSION_INFO_PREFIX = "";
			};
			name = Debug;
		};
		77C2C4AD1C25B68C00448829 /* Release */ = {
			isa = XCBuildConfiguration;
			buildSettings = {
				ALWAYS_SEARCH_USER_PATHS = NO;
				CLANG_CXX_LANGUAGE_STANDARD = "gnu++0x";
				CLANG_CXX_LIBRARY = "libc++";
				CLANG_ENABLE_MODULES = YES;
				CLANG_ENABLE_OBJC_ARC = YES;
				CLANG_WARN_BOOL_CONVERSION = YES;
				CLANG_WARN_CONSTANT_CONVERSION = YES;
				CLANG_WARN_DIRECT_OBJC_ISA_USAGE = YES_ERROR;
				CLANG_WARN_EMPTY_BODY = YES;
				CLANG_WARN_ENUM_CONVERSION = YES;
				CLANG_WARN_INT_CONVERSION = YES;
				CLANG_WARN_OBJC_ROOT_CLASS = YES_ERROR;
				CLANG_WARN_UNREACHABLE_CODE = YES;
				CLANG_WARN__DUPLICATE_METHOD_MATCH = YES;
				COMBINE_HIDPI_IMAGES = YES;
				COPY_PHASE_STRIP = NO;
				CURRENT_PROJECT_VERSION = 1;
				DEBUG_INFORMATION_FORMAT = "dwarf-with-dsym";
				DEFINES_MODULE = YES;
				DYLIB_COMPATIBILITY_VERSION = 1;
				DYLIB_CURRENT_VERSION = 1;
				DYLIB_INSTALL_NAME_BASE = "@rpath";
				ENABLE_NS_ASSERTIONS = NO;
				ENABLE_STRICT_OBJC_MSGSEND = YES;
				FRAMEWORK_VERSION = A;
				GCC_C_LANGUAGE_STANDARD = gnu99;
				GCC_NO_COMMON_BLOCKS = YES;
				GCC_WARN_64_TO_32_BIT_CONVERSION = YES;
				GCC_WARN_ABOUT_RETURN_TYPE = YES_ERROR;
				GCC_WARN_UNDECLARED_SELECTOR = YES;
				GCC_WARN_UNINITIALIZED_AUTOS = YES_AGGRESSIVE;
				GCC_WARN_UNUSED_FUNCTION = YES;
				GCC_WARN_UNUSED_VARIABLE = YES;
				INFOPLIST_FILE = "$(SRCROOT)/Info.plist";
				INSTALL_PATH = "$(LOCAL_LIBRARY_DIR)/Frameworks";
				LD_RUNPATH_SEARCH_PATHS = "$(inherited) @executable_path/../Frameworks @loader_path/Frameworks";
				MACOSX_DEPLOYMENT_TARGET = 10.9;
				MODULEMAP_FILE = "$(inherited)";
				MTL_ENABLE_DEBUG_INFO = NO;
				OTHER_SWIFT_FLAGS = "$(inherited)";
				PRODUCT_BUNDLE_IDENTIFIER = "$(inherited)";
				PRODUCT_MODULE_NAME = "$(inherited)";
				PRODUCT_NAME = "$(inherited)";
				SDKROOT = macosx;
				SKIP_INSTALL = YES;
				SWIFT_OBJC_INTERFACE_HEADER_NAME = "$(inherited)";
				VERSIONING_SYSTEM = "apple-generic";
				VERSION_INFO_PREFIX = "";
			};
			name = Release;
		};
		77C2C4BB1C25B70900448829 /* Debug */ = {
			isa = XCBuildConfiguration;
			buildSettings = {
				ALWAYS_SEARCH_USER_PATHS = NO;
				CLANG_CXX_LANGUAGE_STANDARD = "gnu++0x";
				CLANG_CXX_LIBRARY = "libc++";
				CLANG_ENABLE_MODULES = YES;
				CLANG_ENABLE_OBJC_ARC = YES;
				CLANG_WARN_BOOL_CONVERSION = YES;
				CLANG_WARN_CONSTANT_CONVERSION = YES;
				CLANG_WARN_DIRECT_OBJC_ISA_USAGE = YES_ERROR;
				CLANG_WARN_EMPTY_BODY = YES;
				CLANG_WARN_ENUM_CONVERSION = YES;
				CLANG_WARN_INT_CONVERSION = YES;
				CLANG_WARN_OBJC_ROOT_CLASS = YES_ERROR;
				CLANG_WARN_UNREACHABLE_CODE = YES;
				CLANG_WARN__DUPLICATE_METHOD_MATCH = YES;
				CODE_SIGN_IDENTITY = "iPhone Developer";
				"CODE_SIGN_IDENTITY[sdk=iphoneos*]" = "iPhone Developer";
				COPY_PHASE_STRIP = NO;
				CURRENT_PROJECT_VERSION = 1;
				DEBUG_INFORMATION_FORMAT = dwarf;
				DEFINES_MODULE = YES;
				DYLIB_COMPATIBILITY_VERSION = 1;
				DYLIB_CURRENT_VERSION = 1;
				DYLIB_INSTALL_NAME_BASE = "@rpath";
				ENABLE_STRICT_OBJC_MSGSEND = YES;
				ENABLE_TESTABILITY = YES;
				GCC_C_LANGUAGE_STANDARD = gnu99;
				GCC_DYNAMIC_NO_PIC = NO;
				GCC_NO_COMMON_BLOCKS = YES;
				GCC_OPTIMIZATION_LEVEL = 0;
				GCC_PREPROCESSOR_DEFINITIONS = (
					"DEBUG=1",
					"$(inherited)",
				);
				GCC_WARN_64_TO_32_BIT_CONVERSION = YES;
				GCC_WARN_ABOUT_RETURN_TYPE = YES_ERROR;
				GCC_WARN_UNDECLARED_SELECTOR = YES;
				GCC_WARN_UNINITIALIZED_AUTOS = YES_AGGRESSIVE;
				GCC_WARN_UNUSED_FUNCTION = YES;
				GCC_WARN_UNUSED_VARIABLE = YES;
				INFOPLIST_FILE = "$(SRCROOT)/Info.plist";
				INSTALL_PATH = "$(LOCAL_LIBRARY_DIR)/Frameworks";
				IPHONEOS_DEPLOYMENT_TARGET = 7.0;
				LD_RUNPATH_SEARCH_PATHS = "$(inherited) @executable_path/Frameworks @loader_path/Frameworks";
				MODULEMAP_FILE = "$(inherited)";
				MTL_ENABLE_DEBUG_INFO = YES;
				ONLY_ACTIVE_ARCH = YES;
				OTHER_SWIFT_FLAGS = "$(inherited)";
				PRODUCT_BUNDLE_IDENTIFIER = "$(inherited)";
				PRODUCT_MODULE_NAME = "$(inherited)";
				PRODUCT_NAME = "$(inherited)";
				SDKROOT = iphoneos;
				SKIP_INSTALL = YES;
				SWIFT_OBJC_INTERFACE_HEADER_NAME = "$(inherited)";
				SWIFT_OPTIMIZATION_LEVEL = "-Onone";
				TARGETED_DEVICE_FAMILY = "1,2";
				VERSIONING_SYSTEM = "apple-generic";
				VERSION_INFO_PREFIX = "";
			};
			name = Debug;
		};
		77C2C4BC1C25B70900448829 /* Release */ = {
			isa = XCBuildConfiguration;
			buildSettings = {
				ALWAYS_SEARCH_USER_PATHS = NO;
				CLANG_CXX_LANGUAGE_STANDARD = "gnu++0x";
				CLANG_CXX_LIBRARY = "libc++";
				CLANG_ENABLE_MODULES = YES;
				CLANG_ENABLE_OBJC_ARC = YES;
				CLANG_WARN_BOOL_CONVERSION = YES;
				CLANG_WARN_CONSTANT_CONVERSION = YES;
				CLANG_WARN_DIRECT_OBJC_ISA_USAGE = YES_ERROR;
				CLANG_WARN_EMPTY_BODY = YES;
				CLANG_WARN_ENUM_CONVERSION = YES;
				CLANG_WARN_INT_CONVERSION = YES;
				CLANG_WARN_OBJC_ROOT_CLASS = YES_ERROR;
				CLANG_WARN_UNREACHABLE_CODE = YES;
				CLANG_WARN__DUPLICATE_METHOD_MATCH = YES;
				CODE_SIGN_IDENTITY = "iPhone Developer";
				"CODE_SIGN_IDENTITY[sdk=iphoneos*]" = "iPhone Developer";
				COPY_PHASE_STRIP = NO;
				CURRENT_PROJECT_VERSION = 1;
				DEBUG_INFORMATION_FORMAT = "dwarf-with-dsym";
				DEFINES_MODULE = YES;
				DYLIB_COMPATIBILITY_VERSION = 1;
				DYLIB_CURRENT_VERSION = 1;
				DYLIB_INSTALL_NAME_BASE = "@rpath";
				ENABLE_NS_ASSERTIONS = NO;
				ENABLE_STRICT_OBJC_MSGSEND = YES;
				GCC_C_LANGUAGE_STANDARD = gnu99;
				GCC_NO_COMMON_BLOCKS = YES;
				GCC_WARN_64_TO_32_BIT_CONVERSION = YES;
				GCC_WARN_ABOUT_RETURN_TYPE = YES_ERROR;
				GCC_WARN_UNDECLARED_SELECTOR = YES;
				GCC_WARN_UNINITIALIZED_AUTOS = YES_AGGRESSIVE;
				GCC_WARN_UNUSED_FUNCTION = YES;
				GCC_WARN_UNUSED_VARIABLE = YES;
				INFOPLIST_FILE = "$(SRCROOT)/Info.plist";
				INSTALL_PATH = "$(LOCAL_LIBRARY_DIR)/Frameworks";
				IPHONEOS_DEPLOYMENT_TARGET = 7.0;
				LD_RUNPATH_SEARCH_PATHS = "$(inherited) @executable_path/Frameworks @loader_path/Frameworks";
				MODULEMAP_FILE = "$(inherited)";
				MTL_ENABLE_DEBUG_INFO = NO;
				OTHER_SWIFT_FLAGS = "$(inherited)";
				PRODUCT_BUNDLE_IDENTIFIER = "$(inherited)";
				PRODUCT_MODULE_NAME = "$(inherited)";
				PRODUCT_NAME = "$(inherited)";
				SDKROOT = iphoneos;
				SKIP_INSTALL = YES;
				SWIFT_OBJC_INTERFACE_HEADER_NAME = "$(inherited)";
				TARGETED_DEVICE_FAMILY = "1,2";
				VALIDATE_PRODUCT = YES;
				VERSIONING_SYSTEM = "apple-generic";
				VERSION_INFO_PREFIX = "";
			};
			name = Release;
		};
		77C2C4CB1C25B77400448829 /* Debug */ = {
			isa = XCBuildConfiguration;
			buildSettings = {
				ALWAYS_SEARCH_USER_PATHS = NO;
				CLANG_CXX_LANGUAGE_STANDARD = "gnu++0x";
				CLANG_CXX_LIBRARY = "libc++";
				CLANG_ENABLE_MODULES = YES;
				CLANG_ENABLE_OBJC_ARC = YES;
				CLANG_WARN_BOOL_CONVERSION = YES;
				CLANG_WARN_CONSTANT_CONVERSION = YES;
				CLANG_WARN_DIRECT_OBJC_ISA_USAGE = YES_ERROR;
				CLANG_WARN_EMPTY_BODY = YES;
				CLANG_WARN_ENUM_CONVERSION = YES;
				CLANG_WARN_INT_CONVERSION = YES;
				CLANG_WARN_OBJC_ROOT_CLASS = YES_ERROR;
				CLANG_WARN_UNREACHABLE_CODE = YES;
				CLANG_WARN__DUPLICATE_METHOD_MATCH = YES;
				CODE_SIGN_IDENTITY = "iPhone Developer";
				COPY_PHASE_STRIP = NO;
				CURRENT_PROJECT_VERSION = 1;
				DEBUG_INFORMATION_FORMAT = dwarf;
				DEFINES_MODULE = YES;
				DYLIB_COMPATIBILITY_VERSION = 1;
				DYLIB_CURRENT_VERSION = 1;
				DYLIB_INSTALL_NAME_BASE = "@rpath";
				ENABLE_STRICT_OBJC_MSGSEND = YES;
				ENABLE_TESTABILITY = YES;
				GCC_C_LANGUAGE_STANDARD = gnu99;
				GCC_DYNAMIC_NO_PIC = NO;
				GCC_NO_COMMON_BLOCKS = YES;
				GCC_OPTIMIZATION_LEVEL = 0;
				GCC_PREPROCESSOR_DEFINITIONS = (
					"DEBUG=1",
					"$(inherited)",
				);
				GCC_WARN_64_TO_32_BIT_CONVERSION = YES;
				GCC_WARN_ABOUT_RETURN_TYPE = YES_ERROR;
				GCC_WARN_UNDECLARED_SELECTOR = YES;
				GCC_WARN_UNINITIALIZED_AUTOS = YES_AGGRESSIVE;
				GCC_WARN_UNUSED_FUNCTION = YES;
				GCC_WARN_UNUSED_VARIABLE = YES;
				INFOPLIST_FILE = "$(SRCROOT)/Info.plist";
				INSTALL_PATH = "$(LOCAL_LIBRARY_DIR)/Frameworks";
				LD_RUNPATH_SEARCH_PATHS = "$(inherited) @executable_path/Frameworks @loader_path/Frameworks";
				MODULEMAP_FILE = "$(inherited)";
				MTL_ENABLE_DEBUG_INFO = YES;
				ONLY_ACTIVE_ARCH = YES;
				OTHER_SWIFT_FLAGS = "$(inherited)";
				PRODUCT_BUNDLE_IDENTIFIER = "$(inherited)";
				PRODUCT_MODULE_NAME = "$(inherited)";
				PRODUCT_NAME = "$(inherited)";
				SDKROOT = appletvos;
				SKIP_INSTALL = YES;
				SWIFT_OBJC_INTERFACE_HEADER_NAME = "$(inherited)";
				SWIFT_OPTIMIZATION_LEVEL = "-Onone";
				TARGETED_DEVICE_FAMILY = 3;
				TVOS_DEPLOYMENT_TARGET = 9.0;
				VERSIONING_SYSTEM = "apple-generic";
				VERSION_INFO_PREFIX = "";
			};
			name = Debug;
		};
		77C2C4CC1C25B77400448829 /* Release */ = {
			isa = XCBuildConfiguration;
			buildSettings = {
				ALWAYS_SEARCH_USER_PATHS = NO;
				CLANG_CXX_LANGUAGE_STANDARD = "gnu++0x";
				CLANG_CXX_LIBRARY = "libc++";
				CLANG_ENABLE_MODULES = YES;
				CLANG_ENABLE_OBJC_ARC = YES;
				CLANG_WARN_BOOL_CONVERSION = YES;
				CLANG_WARN_CONSTANT_CONVERSION = YES;
				CLANG_WARN_DIRECT_OBJC_ISA_USAGE = YES_ERROR;
				CLANG_WARN_EMPTY_BODY = YES;
				CLANG_WARN_ENUM_CONVERSION = YES;
				CLANG_WARN_INT_CONVERSION = YES;
				CLANG_WARN_OBJC_ROOT_CLASS = YES_ERROR;
				CLANG_WARN_UNREACHABLE_CODE = YES;
				CLANG_WARN__DUPLICATE_METHOD_MATCH = YES;
				CODE_SIGN_IDENTITY = "iPhone Developer";
				COPY_PHASE_STRIP = NO;
				CURRENT_PROJECT_VERSION = 1;
				DEBUG_INFORMATION_FORMAT = "dwarf-with-dsym";
				DEFINES_MODULE = YES;
				DYLIB_COMPATIBILITY_VERSION = 1;
				DYLIB_CURRENT_VERSION = 1;
				DYLIB_INSTALL_NAME_BASE = "@rpath";
				ENABLE_NS_ASSERTIONS = NO;
				ENABLE_STRICT_OBJC_MSGSEND = YES;
				GCC_C_LANGUAGE_STANDARD = gnu99;
				GCC_NO_COMMON_BLOCKS = YES;
				GCC_WARN_64_TO_32_BIT_CONVERSION = YES;
				GCC_WARN_ABOUT_RETURN_TYPE = YES_ERROR;
				GCC_WARN_UNDECLARED_SELECTOR = YES;
				GCC_WARN_UNINITIALIZED_AUTOS = YES_AGGRESSIVE;
				GCC_WARN_UNUSED_FUNCTION = YES;
				GCC_WARN_UNUSED_VARIABLE = YES;
				INFOPLIST_FILE = "$(SRCROOT)/Info.plist";
				INSTALL_PATH = "$(LOCAL_LIBRARY_DIR)/Frameworks";
				LD_RUNPATH_SEARCH_PATHS = "$(inherited) @executable_path/Frameworks @loader_path/Frameworks";
				MODULEMAP_FILE = "$(inherited)";
				MTL_ENABLE_DEBUG_INFO = NO;
				OTHER_SWIFT_FLAGS = "$(inherited)";
				PRODUCT_BUNDLE_IDENTIFIER = "$(inherited)";
				PRODUCT_MODULE_NAME = "$(inherited)";
				PRODUCT_NAME = "$(inherited)";
				SDKROOT = appletvos;
				SKIP_INSTALL = YES;
				SWIFT_OBJC_INTERFACE_HEADER_NAME = "$(inherited)";
				TARGETED_DEVICE_FAMILY = 3;
				TVOS_DEPLOYMENT_TARGET = 9.0;
				VALIDATE_PRODUCT = YES;
				VERSIONING_SYSTEM = "apple-generic";
				VERSION_INFO_PREFIX = "";
			};
			name = Release;
		};
/* End XCBuildConfiguration section */

/* Begin XCConfigurationList section */
		77C2C4901C25B5E400448829 /* Build configuration list for PBXProject "Roku" */ = {
			isa = XCConfigurationList;
			buildConfigurations = (
				77C2C4911C25B5E400448829 /* Debug */,
				77C2C4921C25B5E400448829 /* Release */,
			);
			defaultConfigurationIsVisible = 0;
			defaultConfigurationName = Release;
		};
		77C2C4AB1C25B68C00448829 /* Build configuration list for PBXNativeTarget "Roku-OSX" */ = {
			isa = XCConfigurationList;
			buildConfigurations = (
				77C2C4AC1C25B68C00448829 /* Debug */,
				77C2C4AD1C25B68C00448829 /* Release */,
			);
			defaultConfigurationIsVisible = 0;
			defaultConfigurationName = Release;
		};
		77C2C4BA1C25B70900448829 /* Build configuration list for PBXNativeTarget "Roku-iOS" */ = {
			isa = XCConfigurationList;
			buildConfigurations = (
				77C2C4BB1C25B70900448829 /* Debug */,
				77C2C4BC1C25B70900448829 /* Release */,
			);
			defaultConfigurationIsVisible = 0;
			defaultConfigurationName = Release;
		};
		77C2C4CA1C25B77400448829 /* Build configuration list for PBXNativeTarget "Roku-tvOS" */ = {
			isa = XCConfigurationList;
			buildConfigurations = (
				77C2C4CB1C25B77400448829 /* Debug */,
				77C2C4CC1C25B77400448829 /* Release */,
			);
			defaultConfigurationIsVisible = 0;
			defaultConfigurationName = Release;
		};
/* End XCConfigurationList section */
	};
	rootObject = 77C2C48D1C25B5E400448829 /* Project object */;
}
